
Microsoft Visual Studio Solution File, Format Version 12.00
# Visual Studio Version 17
VisualStudioVersion = 17.7.34024.191
MinimumVisualStudioVersion = 10.0.40219.1
Project("{FAE04EC0-301F-11D3-BF4B-00C04F79EFBC}") = "Rocky", "Rocky\Rocky.csproj", "{DA95A6DF-887E-450D-996E-FE2DD9E35A80}"
EndProject
Global
	GlobalSection(SolutionConfigurationPlatforms) = preSolution
		Debug|Any CPU = Debug|Any CPU
		Release|Any CPU = Release|Any CPU
	EndGlobalSection
	GlobalSection(ProjectConfigurationPlatforms) = postSolution
		{DA95A6DF-887E-450D-996E-FE2DD9E35A80}.Debug|Any CPU.ActiveCfg = Debug|Any CPU
		{DA95A6DF-887E-450D-996E-FE2DD9E35A80}.Debug|Any CPU.Build.0 = Debug|Any CPU
		{DA95A6DF-887E-450D-996E-FE2DD9E35A80}.Release|Any CPU.ActiveCfg = Release|Any CPU
		{DA95A6DF-887E-450D-996E-FE2DD9E35A80}.Release|Any CPU.Build.0 = Release|Any CPU
	EndGlobalSection
	GlobalSection(SolutionProperties) = preSolution
		HideSolutionNode = FALSE
	EndGlobalSection
	GlobalSection(ExtensibilityGlobals) = postSolution
		SolutionGuid = {ED7E79A1-3044-4890-B96F-A87A0DBEC99D}
	EndGlobalSection
EndGlobal
